
Microsoft Visual Studio Solution File, Format Version 12.00
# Visual Studio 15
VisualStudioVersion = 15.0.28307.438
MinimumVisualStudioVersion = 10.0.40219.1
Project("{159641D6-6404-4A2A-AE62-294DE0FE8301}") = "ProjektETLrecovery", "ProjektETLrecovery\ProjektETLrecovery.dtproj", "{573B0EB4-5762-408C-AEEF-18B7A3CB5402}"
EndProject
Global
	GlobalSection(SolutionConfigurationPlatforms) = preSolution
		Development|Default = Development|Default
	EndGlobalSection
	GlobalSection(ProjectConfigurationPlatforms) = postSolution
		{573B0EB4-5762-408C-AEEF-18B7A3CB5402}.Development|Default.ActiveCfg = Development
		{573B0EB4-5762-408C-AEEF-18B7A3CB5402}.Development|Default.Build.0 = Development
	EndGlobalSection
	GlobalSection(SolutionProperties) = preSolution
		HideSolutionNode = FALSE
	EndGlobalSection
	GlobalSection(ExtensibilityGlobals) = postSolution
		SolutionGuid = {9D8CA607-98BD-4E38-9C70-19A9A8ABC612}
	EndGlobalSection
EndGlobal
